
Microsoft Visual Studio Solution File, Format Version 12.00
# Visual Studio Version 16
VisualStudioVersion = 16.0.30804.86
MinimumVisualStudioVersion = 10.0.40219.1
Project("{9A19103F-16F7-4668-BE54-9A1E7A4F7556}") = "MvcStoreApplication", "MvcStoreApplication\MvcStoreApplication.csproj", "{CCF94A50-12F9-4202-8D98-5F68BFCD291A}"
EndProject
Project("{9A19103F-16F7-4668-BE54-9A1E7A4F7556}") = "Models", "Models\Models.csproj", "{75A89B2E-0E6C-4F50-8F41-847589B00FBF}"
EndProject
Project("{9A19103F-16F7-4668-BE54-9A1E7A4F7556}") = "BusinessLogicLayer", "BusinessLogic\BusinessLogicLayer.csproj", "{73E46408-96D8-4BEA-B02F-2829312CA69B}"
EndProject
Project("{9A19103F-16F7-4668-BE54-9A1E7A4F7556}") = "RepositoryLayer", "Repository\RepositoryLayer.csproj", "{6AA2864A-F49B-47BD-AEDC-E116DFCF5801}"
EndProject
Global
	GlobalSection(SolutionConfigurationPlatforms) = preSolution
		Debug|Any CPU = Debug|Any CPU
		Release|Any CPU = Release|Any CPU
	EndGlobalSection
	GlobalSection(ProjectConfigurationPlatforms) = postSolution
		{CCF94A50-12F9-4202-8D98-5F68BFCD291A}.Debug|Any CPU.ActiveCfg = Debug|Any CPU
		{CCF94A50-12F9-4202-8D98-5F68BFCD291A}.Debug|Any CPU.Build.0 = Debug|Any CPU
		{CCF94A50-12F9-4202-8D98-5F68BFCD291A}.Release|Any CPU.ActiveCfg = Release|Any CPU
		{CCF94A50-12F9-4202-8D98-5F68BFCD291A}.Release|Any CPU.Build.0 = Release|Any CPU
		{75A89B2E-0E6C-4F50-8F41-847589B00FBF}.Debug|Any CPU.ActiveCfg = Debug|Any CPU
		{75A89B2E-0E6C-4F50-8F41-847589B00FBF}.Debug|Any CPU.Build.0 = Debug|Any CPU
		{75A89B2E-0E6C-4F50-8F41-847589B00FBF}.Release|Any CPU.ActiveCfg = Release|Any CPU
		{75A89B2E-0E6C-4F50-8F41-847589B00FBF}.Release|Any CPU.Build.0 = Release|Any CPU
		{73E46408-96D8-4BEA-B02F-2829312CA69B}.Debug|Any CPU.ActiveCfg = Debug|Any CPU
		{73E46408-96D8-4BEA-B02F-2829312CA69B}.Debug|Any CPU.Build.0 = Debug|Any CPU
		{73E46408-96D8-4BEA-B02F-2829312CA69B}.Release|Any CPU.ActiveCfg = Release|Any CPU
		{73E46408-96D8-4BEA-B02F-2829312CA69B}.Release|Any CPU.Build.0 = Release|Any CPU
		{6AA2864A-F49B-47BD-AEDC-E116DFCF5801}.Debug|Any CPU.ActiveCfg = Debug|Any CPU
		{6AA2864A-F49B-47BD-AEDC-E116DFCF5801}.Debug|Any CPU.Build.0 = Debug|Any CPU
		{6AA2864A-F49B-47BD-AEDC-E116DFCF5801}.Release|Any CPU.ActiveCfg = Release|Any CPU
		{6AA2864A-F49B-47BD-AEDC-E116DFCF5801}.Release|Any CPU.Build.0 = Release|Any CPU
	EndGlobalSection
	GlobalSection(SolutionProperties) = preSolution
		HideSolutionNode = FALSE
	EndGlobalSection
	GlobalSection(ExtensibilityGlobals) = postSolution
		SolutionGuid = {0D344FAA-7D47-4106-950A-C5AB149D66A1}
	EndGlobalSection
EndGlobal
