
Microsoft Visual Studio Solution File, Format Version 12.00
# Visual Studio Version 16
VisualStudioVersion = 16.0.30804.86
MinimumVisualStudioVersion = 10.0.40219.1
Project("{9A19103F-16F7-4668-BE54-9A1E7A4F7556}") = "MvcMovie", "MvcMovie.csproj", "{3321EDAD-B6C6-4A86-9CBB-75B5BB35B64C}"
EndProject
Global
	GlobalSection(SolutionConfigurationPlatforms) = preSolution
		Debug|Any CPU = Debug|Any CPU
		Release|Any CPU = Release|Any CPU
	EndGlobalSection
	GlobalSection(ProjectConfigurationPlatforms) = postSolution
		{3321EDAD-B6C6-4A86-9CBB-75B5BB35B64C}.Debug|Any CPU.ActiveCfg = Debug|Any CPU
		{3321EDAD-B6C6-4A86-9CBB-75B5BB35B64C}.Debug|Any CPU.Build.0 = Debug|Any CPU
		{3321EDAD-B6C6-4A86-9CBB-75B5BB35B64C}.Release|Any CPU.ActiveCfg = Release|Any CPU
		{3321EDAD-B6C6-4A86-9CBB-75B5BB35B64C}.Release|Any CPU.Build.0 = Release|Any CPU
	EndGlobalSection
	GlobalSection(SolutionProperties) = preSolution
		HideSolutionNode = FALSE
	EndGlobalSection
	GlobalSection(ExtensibilityGlobals) = postSolution
		SolutionGuid = {A2A0343B-F0FB-418B-92F7-666F8A412241}
	EndGlobalSection
EndGlobal
